{
  "requires": true,
  "lockfileVersion": 1,
  "dependencies": {
    "tunnel": {
      "version": "0.0.2",
      "resolved": "https://registry.npm.taobao.org/tunnel/download/tunnel-0.0.2.tgz",
      "integrity": "sha1-8jvNi3p7ioZCYbIIT2b5MZM5YzQ="
    },
    "wget": {
      "version": "0.0.1",
      "resolved": "https://registry.npm.taobao.org/wget/download/wget-0.0.1.tgz",
      "integrity": "sha1-i7ga8LjmC13yYtPIHlc34fSTHlM=",
      "requires": {
        "tunnel": "0.0.2"
      }
    }
  }
}
